Microsoft Visual Studio Solution File, Format Version 12.00
# Visual Studio Version 17
VisualStudioVersion = 17.5.2.0
MinimumVisualStudioVersion = 10.0.40219.1
Project("{2150E333-8FDC-42A3-9474-1A3956D46DE8}") = "backend", "backend", "{1AE8ACA6-933B-BF2A-3671-3E2EAC007D16}"
EndProject
Project("{FAE04EC0-301F-11D3-BF4B-00C04F79EFBC}") = "StaffSync.Api", "backend\StaffSync.Api\StaffSync.Api.csproj", "{7A9349E5-EFDC-129A-D505-0EE31A7E8357}"
EndProject
Project("{FAE04EC0-301F-11D3-BF4B-00C04F79EFBC}") = "StaffSync.Api.Tests", "backend\StaffSync.Api.Tests\StaffSync.Api.Tests.csproj", "{CBA564A0-874D-9CC7-C038-1412FCDCFCBD}"
EndProject
Global
	GlobalSection(SolutionConfigurationPlatforms) = preSolution
		Debug|Any CPU = Debug|Any CPU
		Release|Any CPU = Release|Any CPU
	EndGlobalSection
	GlobalSection(ProjectConfigurationPlatforms) = postSolution
		{7A9349E5-EFDC-129A-D505-0EE31A7E8357}.Debug|Any CPU.ActiveCfg = Debug|Any CPU
		{7A9349E5-EFDC-129A-D505-0EE31A7E8357}.Debug|Any CPU.Build.0 = Debug|Any CPU
		{7A9349E5-EFDC-129A-D505-0EE31A7E8357}.Release|Any CPU.ActiveCfg = Release|Any CPU
		{7A9349E5-EFDC-129A-D505-0EE31A7E8357}.Release|Any CPU.Build.0 = Release|Any CPU
		{CBA564A0-874D-9CC7-C038-1412FCDCFCBD}.Debug|Any CPU.ActiveCfg = Debug|Any CPU
		{CBA564A0-874D-9CC7-C038-1412FCDCFCBD}.Debug|Any CPU.Build.0 = Debug|Any CPU
		{CBA564A0-874D-9CC7-C038-1412FCDCFCBD}.Release|Any CPU.ActiveCfg = Release|Any CPU
		{CBA564A0-874D-9CC7-C038-1412FCDCFCBD}.Release|Any CPU.Build.0 = Release|Any CPU
	EndGlobalSection
	GlobalSection(SolutionProperties) = preSolution
		HideSolutionNode = FALSE
	EndGlobalSection
	GlobalSection(NestedProjects) = preSolution
		{7A9349E5-EFDC-129A-D505-0EE31A7E8357} = {1AE8ACA6-933B-BF2A-3671-3E2EAC007D16}
		{CBA564A0-874D-9CC7-C038-1412FCDCFCBD} = {1AE8ACA6-933B-BF2A-3671-3E2EAC007D16}
	EndGlobalSection
	GlobalSection(ExtensibilityGlobals) = postSolution
		SolutionGuid = {B336A63F-E7D4-4B72-A380-84E53FDAE4C4}
	EndGlobalSection
EndGlobal
